
Microsoft Visual Studio Solution File, Format Version 12.00
# Visual Studio Version 16
VisualStudioVersion = 16.0.29806.167
MinimumVisualStudioVersion = 10.0.40219.1
Project("{FAE04EC0-301F-11D3-BF4B-00C04F79EFBC}") = "TestLCD", "TestLCD\TestLCD.csproj", "{E7CEA91E-A7A9-4B70-BB0C-BDBE992EDC44}"
EndProject
Project("{FAE04EC0-301F-11D3-BF4B-00C04F79EFBC}") = "Controller", "Controller\Controller.csproj", "{49439B24-CD30-403A-92FB-1A3F265B2BC8}"
EndProject
Project("{FAE04EC0-301F-11D3-BF4B-00C04F79EFBC}") = "Solar", "Solar\Solar.csproj", "{6FCC4F7B-9FF7-4914-8EAB-C54091E8B404}"
EndProject
Project("{D954291E-2A0B-460D-934E-DC6B0785DB48}") = "Common", "Common\Common.shproj", "{61EBA249-19F3-48B6-A25B-A4CEE90168BA}"
EndProject
Project("{FAE04EC0-301F-11D3-BF4B-00C04F79EFBC}") = "LCDInventory", "LCDInventory\LCDInventory.csproj", "{32A0B0D2-FF96-4FD8-ACD2-CDEEB4465E7A}"
EndProject
Global
	GlobalSection(SharedMSBuildProjectFiles) = preSolution
		Common\Common.projitems*{32a0b0d2-ff96-4fd8-acd2-cdeeb4465e7a}*SharedItemsImports = 4
		Common\Common.projitems*{49439b24-cd30-403a-92fb-1a3f265b2bc8}*SharedItemsImports = 4
		Common\Common.projitems*{61eba249-19f3-48b6-a25b-a4cee90168ba}*SharedItemsImports = 13
		Common\Common.projitems*{6fcc4f7b-9ff7-4914-8eab-c54091e8b404}*SharedItemsImports = 4
		Common\Common.projitems*{e7cea91e-a7a9-4b70-bb0c-bdbe992edc44}*SharedItemsImports = 4
	EndGlobalSection
	GlobalSection(SolutionConfigurationPlatforms) = preSolution
		Debug|x64 = Debug|x64
	EndGlobalSection
	GlobalSection(ProjectConfigurationPlatforms) = postSolution
		{E7CEA91E-A7A9-4B70-BB0C-BDBE992EDC44}.Debug|x64.ActiveCfg = Debug|x64
		{E7CEA91E-A7A9-4B70-BB0C-BDBE992EDC44}.Debug|x64.Build.0 = Debug|x64
		{49439B24-CD30-403A-92FB-1A3F265B2BC8}.Debug|x64.ActiveCfg = Debug|x64
		{49439B24-CD30-403A-92FB-1A3F265B2BC8}.Debug|x64.Build.0 = Debug|x64
		{6FCC4F7B-9FF7-4914-8EAB-C54091E8B404}.Debug|x64.ActiveCfg = Debug|x64
		{6FCC4F7B-9FF7-4914-8EAB-C54091E8B404}.Debug|x64.Build.0 = Debug|x64
		{32A0B0D2-FF96-4FD8-ACD2-CDEEB4465E7A}.Debug|x64.ActiveCfg = Debug|x64
		{32A0B0D2-FF96-4FD8-ACD2-CDEEB4465E7A}.Debug|x64.Build.0 = Debug|x64
	EndGlobalSection
	GlobalSection(SolutionProperties) = preSolution
		HideSolutionNode = FALSE
	EndGlobalSection
	GlobalSection(ExtensibilityGlobals) = postSolution
		SolutionGuid = {E27CC6CE-041C-4CEC-A35B-725240B6DB60}
	EndGlobalSection
EndGlobal
